
Microsoft Visual Studio Solution File, Format Version 12.00
# Visual Studio Version 17
VisualStudioVersion = 17.1.32210.238
MinimumVisualStudioVersion = 10.0.40219.1
Project("{FAE04EC0-301F-11D3-BF4B-00C04F79EFBC}") = "WinDefender Bypass", "WinDefender Bypass\WinDefender Bypass.csproj", "{8D4FF898-1CFB-4339-89E9-17ABF2337653}"
EndProject
Global
	GlobalSection(SolutionConfigurationPlatforms) = preSolution
		Debug|Any CPU = Debug|Any CPU
		Release|Any CPU = Release|Any CPU
	EndGlobalSection
	GlobalSection(ProjectConfigurationPlatforms) = postSolution
		{8D4FF898-1CFB-4339-89E9-17ABF2337653}.Debug|Any CPU.ActiveCfg = Debug|Any CPU
		{8D4FF898-1CFB-4339-89E9-17ABF2337653}.Debug|Any CPU.Build.0 = Debug|Any CPU
		{8D4FF898-1CFB-4339-89E9-17ABF2337653}.Release|Any CPU.ActiveCfg = Release|Any CPU
		{8D4FF898-1CFB-4339-89E9-17ABF2337653}.Release|Any CPU.Build.0 = Release|Any CPU
	EndGlobalSection
	GlobalSection(SolutionProperties) = preSolution
		HideSolutionNode = FALSE
	EndGlobalSection
	GlobalSection(ExtensibilityGlobals) = postSolution
		SolutionGuid = {0911E509-B89A-4F5F-B4B8-A74D5FCDD7EB}
	EndGlobalSection
EndGlobal
